{
  "name": "iobroker.valloxmv",
  "version": "0.0.3",
  "lockfileVersion": 1,
  "requires": true,
  "dependencies": {
    "@danielbayerlein/vallox-api": {
      "version": "git+https://github.com/danielbayerlein/vallox-api.git#60f01033afd963e63c2912200cc2df770e369072",
      "from": "git+https://github.com/danielbayerlein/vallox-api.git",
      "requires": {
        "ws": "^6.2.0"
      }
    },
    "@iobroker/adapter-core": {
      "version": "github:iobroker/adapter-core#703289325152c45a118619a4fac6157dc2a10e71",
      "from": "github:iobroker/adapter-core",
      "requires": {
        "@types/iobroker": "^1.4.3"
      }
    },
    "@types/iobroker": {
      "version": "1.4.10",
      "resolved": "https://registry.npmjs.org/@types/iobroker/-/iobroker-1.4.10.tgz",
      "integrity": "sha512-DcLej+wfl1Bh3Xv8KQGL6lbH0dWQhODM7f1agI/CVJA69ShWXt4MK4SUnG85ehWB0ju9iRPyXMyO+bIXjVyylg==",
      "requires": {
        "@types/node": "*"
      },
      "dependencies": {
        "@types/node": {
          "version": "11.13.4",
          "resolved": "https://registry.npmjs.org/@types/node/-/node-11.13.4.tgz",
          "integrity": "sha512-+rabAZZ3Yn7tF/XPGHupKIL5EcAbrLxnTr/hgQICxbeuAfWtT0UZSfULE+ndusckBItcv4o6ZeOJplQikVcLvQ=="
        }
      }
    },
    "async-limiter": {
      "version": "1.0.0",
      "resolved": "https://registry.npmjs.org/async-limiter/-/async-limiter-1.0.0.tgz",
      "integrity": "sha512-jp/uFnooOiO+L211eZOoSyzpOITMXx1rBITauYykG3BRYPu8h0UcxsPNB04RR5vo4Tyz3+ay17tR6JVf9qzYWg=="
    },
    "ws": {
      "version": "6.2.1",
      "resolved": "https://registry.npmjs.org/ws/-/ws-6.2.1.tgz",
      "integrity": "sha512-GIyAXC2cB7LjvpgMt9EKS2ldqr0MTrORaleiOno6TweZ6r3TKtoFQWay/2PceJ3RuBasOHzXNn5Lrw1X0bEjqA==",
      "requires": {
        "async-limiter": "~1.0.0"
      }
    }
  }
}
