{
  "name": "iobroker.valloxmv",
  "version": "0.0.2",
  "lockfileVersion": 1,
  "requires": true,
  "dependencies": {
    "@iobroker/adapter-core": {
      "version": "github:iobroker/adapter-core#703289325152c45a118619a4fac6157dc2a10e71",
      "from": "github:iobroker/adapter-core",
      "requires": {
        "@types/iobroker": "^1.4.3"
      }
    },
    "@types/iobroker": {
      "version": "1.4.10",
      "resolved": "https://registry.npmjs.org/@types/iobroker/-/iobroker-1.4.10.tgz",
      "integrity": "sha512-DcLej+wfl1Bh3Xv8KQGL6lbH0dWQhODM7f1agI/CVJA69ShWXt4MK4SUnG85ehWB0ju9iRPyXMyO+bIXjVyylg==",
      "requires": {
        "@types/node": "*"
      },
      "dependencies": {
        "@types/node": {
          "version": "11.13.0",
          "resolved": "https://registry.npmjs.org/@types/node/-/node-11.13.0.tgz",
          "integrity": "sha512-rx29MMkRdVmzunmiA4lzBYJNnXsW/PhG4kMBy2ATsYaDjGGR75dCFEVVROKpNwlVdcUX3xxlghKQOeDPBJobng=="
        }
      }
    }
  }
}
